// !$*UTF8*$!
{
	archiveVersion = 1;
	classes = {
	};
	objectVersion = 46;
	objects = {

/* Begin PBXBuildFile section */
		4C02D5B91D2C90750096DA2B /* main.swift in Sources */ = {isa = PBXBuildFile; fileRef = 4C02D5B81D2C90750096DA2B /* main.swift */; };
		4C02D5BD1D2C90820096DA2B /* CombineScansOperation.swift in Sources */ = {isa = PBXBuildFile; fileRef = 4CDB5FB41D299D59009F5556 /* CombineScansOperation.swift */; };
		4C02D5BF1D2C91E50096DA2B /* CommandLineHelpers.swift in Sources */ = {isa = PBXBuildFile; fileRef = 4C02D5BE1D2C91E50096DA2B /* CommandLineHelpers.swift */; };
		4C1C01D61D2C9D0C009ED1AF /* String+TildeExpansion.swift in Sources */ = {isa = PBXBuildFile; fileRef = 4C1C01D51D2C9D0C009ED1AF /* String+TildeExpansion.swift */; };
		4C1C01D71D2C9D0C009ED1AF /* String+TildeExpansion.swift in Sources */ = {isa = PBXBuildFile; fileRef = 4C1C01D51D2C9D0C009ED1AF /* String+TildeExpansion.swift */; };
		4C1C01DD1D2CB103009ED1AF /* Localizable.strings in Resources */ = {isa = PBXBuildFile; fileRef = 4C1C01DC1D2CB103009ED1AF /* Localizable.strings */; };
		4C1C01E01D2CB147009ED1AF /* Back.pdf in Resources */ = {isa = PBXBuildFile; fileRef = 4C1C01DE1D2CB147009ED1AF /* Back.pdf */; };
		4C1C01E11D2CB147009ED1AF /* Front.pdf in Resources */ = {isa = PBXBuildFile; fileRef = 4C1C01DF1D2CB147009ED1AF /* Front.pdf */; };
		4C1C01E31D2DE39D009ED1AF /* ConcurrentProgressReportingOperation.swift in Sources */ = {isa = PBXBuildFile; fileRef = 4C1C01E21D2DE39D009ED1AF /* ConcurrentProgressReportingOperation.swift */; };
		4C1C01E41D2DE39D009ED1AF /* ConcurrentProgressReportingOperation.swift in Sources */ = {isa = PBXBuildFile; fileRef = 4C1C01E21D2DE39D009ED1AF /* ConcurrentProgressReportingOperation.swift */; };
		4C1C01E61D2DED12009ED1AF /* KeyValueObserver.swift in Sources */ = {isa = PBXBuildFile; fileRef = 4C1C01E51D2DED12009ED1AF /* KeyValueObserver.swift */; };
		4C1C01E71D2DED12009ED1AF /* KeyValueObserver.swift in Sources */ = {isa = PBXBuildFile; fileRef = 4C1C01E51D2DED12009ED1AF /* KeyValueObserver.swift */; };
		4CA2CADD1D40453D0060646B /* URL+Pasteboard.swift in Sources */ = {isa = PBXBuildFile; fileRef = 4CA2CADC1D40453D0060646B /* URL+Pasteboard.swift */; };
		4CBC71151D2FD0DA000B55C3 /* FileDropImageAndPathFieldView.swift in Sources */ = {isa = PBXBuildFile; fileRef = 4CBC71141D2FD0DA000B55C3 /* FileDropImageAndPathFieldView.swift */; };
		4CDB5F991D299CEB009F5556 /* Assets.xcassets in Resources */ = {isa = PBXBuildFile; fileRef = 4CDB5F981D299CEB009F5556 /* Assets.xcassets */; };
		4CDB5F9C1D299CEB009F5556 /* MainMenu.xib in Resources */ = {isa = PBXBuildFile; fileRef = 4CDB5F9A1D299CEB009F5556 /* MainMenu.xib */; };
		4CDB5FA71D299D07009F5556 /* AppDelegate.swift in Sources */ = {isa = PBXBuildFile; fileRef = 4CDB5FA41D299D07009F5556 /* AppDelegate.swift */; };
		4CDB5FAB1D299D26009F5556 /* ScanCombinerWindow.xib in Resources */ = {isa = PBXBuildFile; fileRef = 4CDB5FAD1D299D26009F5556 /* ScanCombinerWindow.xib */; };
		4CDB5FB71D299D59009F5556 /* ScanCombinerWindowController.swift in Sources */ = {isa = PBXBuildFile; fileRef = 4CDB5FB21D299D59009F5556 /* ScanCombinerWindowController.swift */; };
		4CDB5FB81D299D59009F5556 /* CombineScansOperation.swift in Sources */ = {isa = PBXBuildFile; fileRef = 4CDB5FB41D299D59009F5556 /* CombineScansOperation.swift */; };
		4CDB5FB91D299D59009F5556 /* FileDropImageView.swift in Sources */ = {isa = PBXBuildFile; fileRef = 4CDB5FB61D299D59009F5556 /* FileDropImageView.swift */; };
		4CDB5FBC1D2B4F80009F5556 /* ProgressSheetController.swift in Sources */ = {isa = PBXBuildFile; fileRef = 4CDB5FBA1D2B4F80009F5556 /* ProgressSheetController.swift */; };
		4CDB5FBE1D2B4F91009F5556 /* ProgressSheetWindow.xib in Resources */ = {isa = PBXBuildFile; fileRef = 4CDB5FC01D2B4F91009F5556 /* ProgressSheetWindow.xib */; };
/* End PBXBuildFile section */

/* Begin PBXCopyFilesBuildPhase section */
		4C02D5B41D2C90750096DA2B /* CopyFiles */ = {
			isa = PBXCopyFilesBuildPhase;
			buildActionMask = 2147483647;
			dstPath = /usr/share/man/man1/;
			dstSubfolderSpec = 0;
			files = (
			);
			runOnlyForDeploymentPostprocessing = 1;
		};
/* End PBXCopyFilesBuildPhase section */

/* Begin PBXFileReference section */
		4C02D5B61D2C90750096DA2B /* scancombine */ = {isa = PBXFileReference; explicitFileType = "compiled.mach-o.executable"; includeInIndex = 0; path = scancombine; sourceTree = BUILT_PRODUCTS_DIR; };
		4C02D5B81D2C90750096DA2B /* main.swift */ = {isa = PBXFileReference; lastKnownFileType = sourcecode.swift; path = main.swift; sourceTree = "<group>"; };
		4C02D5BE1D2C91E50096DA2B /* CommandLineHelpers.swift */ = {isa = PBXFileReference; fileEncoding = 4; lastKnownFileType = sourcecode.swift; path = CommandLineHelpers.swift; sourceTree = "<group>"; };
		4C1C01D51D2C9D0C009ED1AF /* String+TildeExpansion.swift */ = {isa = PBXFileReference; fileEncoding = 4; lastKnownFileType = sourcecode.swift; path = "String+TildeExpansion.swift"; sourceTree = "<group>"; };
		4C1C01DC1D2CB103009ED1AF /* Localizable.strings */ = {isa = PBXFileReference; fileEncoding = 4; lastKnownFileType = text.plist.strings; path = Localizable.strings; sourceTree = "<group>"; };
		4C1C01DE1D2CB147009ED1AF /* Back.pdf */ = {isa = PBXFileReference; lastKnownFileType = image.pdf; path = Back.pdf; sourceTree = "<group>"; };
		4C1C01DF1D2CB147009ED1AF /* Front.pdf */ = {isa = PBXFileReference; lastKnownFileType = image.pdf; path = Front.pdf; sourceTree = "<group>"; };
		4C1C01E21D2DE39D009ED1AF /* ConcurrentProgressReportingOperation.swift */ = {isa = PBXFileReference; fileEncoding = 4; lastKnownFileType = sourcecode.swift; path = ConcurrentProgressReportingOperation.swift; sourceTree = "<group>"; };
		4C1C01E51D2DED12009ED1AF /* KeyValueObserver.swift */ = {isa = PBXFileReference; fileEncoding = 4; lastKnownFileType = sourcecode.swift; path = KeyValueObserver.swift; sourceTree = "<group>"; };
		4CA2CADC1D40453D0060646B /* URL+Pasteboard.swift */ = {isa = PBXFileReference; fileEncoding = 4; lastKnownFileType = sourcecode.swift; path = "URL+Pasteboard.swift"; sourceTree = "<group>"; };
		4CBC71141D2FD0DA000B55C3 /* FileDropImageAndPathFieldView.swift */ = {isa = PBXFileReference; fileEncoding = 4; lastKnownFileType = sourcecode.swift; path = FileDropImageAndPathFieldView.swift; sourceTree = "<group>"; };
		4CDB5F931D299CEB009F5556 /* Magazine Scan Combiner.app */ = {isa = PBXFileReference; explicitFileType = wrapper.application; includeInIndex = 0; path = "Magazine Scan Combiner.app"; sourceTree = BUILT_PRODUCTS_DIR; };
		4CDB5F981D299CEB009F5556 /* Assets.xcassets */ = {isa = PBXFileReference; lastKnownFileType = folder.assetcatalog; path = Assets.xcassets; sourceTree = "<group>"; };
		4CDB5F9B1D299CEB009F5556 /* Base */ = {isa = PBXFileReference; lastKnownFileType = file.xib; name = Base; path = Base.lproj/MainMenu.xib; sourceTree = "<group>"; };
		4CDB5F9D1D299CEB009F5556 /* Info.plist */ = {isa = PBXFileReference; lastKnownFileType = text.plist.xml; path = Info.plist; sourceTree = "<group>"; };
		4CDB5FA41D299D07009F5556 /* AppDelegate.swift */ = {isa = PBXFileReference; fileEncoding = 4; lastKnownFileType = sourcecode.swift; path = AppDelegate.swift; sourceTree = "<group>"; };
		4CDB5FAC1D299D26009F5556 /* Base */ = {isa = PBXFileReference; lastKnownFileType = file.xib; name = Base; path = Base.lproj/ScanCombinerWindow.xib; sourceTree = "<group>"; };
		4CDB5FB21D299D59009F5556 /* ScanCombinerWindowController.swift */ = {isa = PBXFileReference; fileEncoding = 4; lastKnownFileType = sourcecode.swift; path = ScanCombinerWindowController.swift; sourceTree = "<group>"; };
		4CDB5FB41D299D59009F5556 /* CombineScansOperation.swift */ = {isa = PBXFileReference; fileEncoding = 4; lastKnownFileType = sourcecode.swift; path = CombineScansOperation.swift; sourceTree = "<group>"; };
		4CDB5FB61D299D59009F5556 /* FileDropImageView.swift */ = {isa = PBXFileReference; fileEncoding = 4; lastKnownFileType = sourcecode.swift; path = FileDropImageView.swift; sourceTree = "<group>"; };
		4CDB5FBA1D2B4F80009F5556 /* ProgressSheetController.swift */ = {isa = PBXFileReference; fileEncoding = 4; lastKnownFileType = sourcecode.swift; path = ProgressSheetController.swift; sourceTree = "<group>"; };
		4CDB5FBF1D2B4F91009F5556 /* Base */ = {isa = PBXFileReference; lastKnownFileType = file.xib; name = Base; path = Base.lproj/ProgressSheetWindow.xib; sourceTree = "<group>"; };
/* End PBXFileReference section */

/* Begin PBXFrameworksBuildPhase section */
		4C02D5B31D2C90750096DA2B /* Frameworks */ = {
			isa = PBXFrameworksBuildPhase;
			buildActionMask = 2147483647;
			files = (
			);
			runOnlyForDeploymentPostprocessing = 0;
		};
		4CDB5F901D299CEB009F5556 /* Frameworks */ = {
			isa = PBXFrameworksBuildPhase;
			buildActionMask = 2147483647;
			files = (
			);
			runOnlyForDeploymentPostprocessing = 0;
		};
/* End PBXFrameworksBuildPhase section */

/* Begin PBXGroup section */
		4C02D5B71D2C90750096DA2B /* scancombine */ = {
			isa = PBXGroup;
			children = (
				4C02D5B81D2C90750096DA2B /* main.swift */,
				4C02D5BE1D2C91E50096DA2B /* CommandLineHelpers.swift */,
			);
			path = scancombine;
			sourceTree = "<group>";
		};
		4C1C01D41D2C9CE1009ED1AF /* Extensions */ = {
			isa = PBXGroup;
			children = (
				4C1C01D51D2C9D0C009ED1AF /* String+TildeExpansion.swift */,
				4CA2CADC1D40453D0060646B /* URL+Pasteboard.swift */,
			);
			path = Extensions;
			sourceTree = "<group>";
		};
		4C1C01DB1D2CA8A3009ED1AF /* Test Files */ = {
			isa = PBXGroup;
			children = (
				4C1C01DF1D2CB147009ED1AF /* Front.pdf */,
				4C1C01DE1D2CB147009ED1AF /* Back.pdf */,
			);
			path = "Test Files";
			sourceTree = "<group>";
		};
		4CDB5F8A1D299CEB009F5556 = {
			isa = PBXGroup;
			children = (
				4CDB5F951D299CEB009F5556 /* Magazine Scan Combiner */,
				4C02D5B71D2C90750096DA2B /* scancombine */,
				4C1C01DB1D2CA8A3009ED1AF /* Test Files */,
				4CDB5F941D299CEB009F5556 /* Products */,
			);
			sourceTree = "<group>";
		};
		4CDB5F941D299CEB009F5556 /* Products */ = {
			isa = PBXGroup;
			children = (
				4CDB5F931D299CEB009F5556 /* Magazine Scan Combiner.app */,
				4C02D5B61D2C90750096DA2B /* scancombine */,
			);
			name = Products;
			sourceTree = "<group>";
		};
		4CDB5F951D299CEB009F5556 /* Magazine Scan Combiner */ = {
			isa = PBXGroup;
			children = (
				4CDB5FA31D299D07009F5556 /* Application */,
				4C1C01D41D2C9CE1009ED1AF /* Extensions */,
				4CDB5FB31D299D59009F5556 /* Models */,
				4CDB5FB11D299D59009F5556 /* Controllers */,
				4CDB5FB51D299D59009F5556 /* Views */,
			);
			path = "Magazine Scan Combiner";
			sourceTree = "<group>";
		};
		4CDB5FA31D299D07009F5556 /* Application */ = {
			isa = PBXGroup;
			children = (
				4CDB5FA41D299D07009F5556 /* AppDelegate.swift */,
				4CDB5F9A1D299CEB009F5556 /* MainMenu.xib */,
				4CDB5F981D299CEB009F5556 /* Assets.xcassets */,
				4CDB5F9D1D299CEB009F5556 /* Info.plist */,
				4C1C01DC1D2CB103009ED1AF /* Localizable.strings */,
			);
			path = Application;
			sourceTree = "<group>";
		};
		4CDB5FB11D299D59009F5556 /* Controllers */ = {
			isa = PBXGroup;
			children = (
				4CDB5FB21D299D59009F5556 /* ScanCombinerWindowController.swift */,
				4CDB5FAD1D299D26009F5556 /* ScanCombinerWindow.xib */,
				4CDB5FBA1D2B4F80009F5556 /* ProgressSheetController.swift */,
				4CDB5FC01D2B4F91009F5556 /* ProgressSheetWindow.xib */,
			);
			path = Controllers;
			sourceTree = "<group>";
		};
		4CDB5FB31D299D59009F5556 /* Models */ = {
			isa = PBXGroup;
			children = (
				4C1C01E21D2DE39D009ED1AF /* ConcurrentProgressReportingOperation.swift */,
				4CDB5FB41D299D59009F5556 /* CombineScansOperation.swift */,
				4C1C01E51D2DED12009ED1AF /* KeyValueObserver.swift */,
			);
			path = Models;
			sourceTree = "<group>";
		};
		4CDB5FB51D299D59009F5556 /* Views */ = {
			isa = PBXGroup;
			children = (
				4CDB5FB61D299D59009F5556 /* FileDropImageView.swift */,
				4CBC71141D2FD0DA000B55C3 /* FileDropImageAndPathFieldView.swift */,
			);
			path = Views;
			sourceTree = "<group>";
		};
/* End PBXGroup section */

/* Begin PBXNativeTarget section */
		4C02D5B51D2C90750096DA2B /* scancombine */ = {
			isa = PBXNativeTarget;
			buildConfigurationList = 4C02D5BC1D2C90750096DA2B /* Build configuration list for PBXNativeTarget "scancombine" */;
			buildPhases = (
				4C02D5B21D2C90750096DA2B /* Sources */,
				4C02D5B31D2C90750096DA2B /* Frameworks */,
				4C02D5B41D2C90750096DA2B /* CopyFiles */,
			);
			buildRules = (
			);
			dependencies = (
			);
			name = scancombine;
			productName = scancombine;
			productReference = 4C02D5B61D2C90750096DA2B /* scancombine */;
			productType = "com.apple.product-type.tool";
		};
		4CDB5F921D299CEB009F5556 /* Magazine Scan Combiner */ = {
			isa = PBXNativeTarget;
			buildConfigurationList = 4CDB5FA01D299CEB009F5556 /* Build configuration list for PBXNativeTarget "Magazine Scan Combiner" */;
			buildPhases = (
				4CDB5F8F1D299CEB009F5556 /* Sources */,
				4CDB5F901D299CEB009F5556 /* Frameworks */,
				4CDB5F911D299CEB009F5556 /* Resources */,
			);
			buildRules = (
			);
			dependencies = (
			);
			name = "Magazine Scan Combiner";
			productName = "Magazine Scan Combiner";
			productReference = 4CDB5F931D299CEB009F5556 /* Magazine Scan Combiner.app */;
			productType = "com.apple.product-type.application";
		};
/* End PBXNativeTarget section */

/* Begin PBXProject section */
		4CDB5F8B1D299CEB009F5556 /* Project object */ = {
			isa = PBXProject;
			attributes = {
				LastSwiftUpdateCheck = 0730;
				LastUpgradeCheck = 0800;
				ORGANIZATIONNAME = "Prachi Gauriar";
				TargetAttributes = {
					4C02D5B51D2C90750096DA2B = {
						CreatedOnToolsVersion = 7.3.1;
						LastSwiftMigration = 0800;
					};
					4CDB5F921D299CEB009F5556 = {
						CreatedOnToolsVersion = 7.3.1;
						LastSwiftMigration = 0800;
					};
				};
			};
			buildConfigurationList = 4CDB5F8E1D299CEB009F5556 /* Build configuration list for PBXProject "Magazine Scan Combiner" */;
			compatibilityVersion = "Xcode 3.2";
			developmentRegion = English;
			hasScannedForEncodings = 0;
			knownRegions = (
				en,
				Base,
			);
			mainGroup = 4CDB5F8A1D299CEB009F5556;
			productRefGroup = 4CDB5F941D299CEB009F5556 /* Products */;
			projectDirPath = "";
			projectRoot = "";
			targets = (
				4CDB5F921D299CEB009F5556 /* Magazine Scan Combiner */,
				4C02D5B51D2C90750096DA2B /* scancombine */,
			);
		};
/* End PBXProject section */

/* Begin PBXResourcesBuildPhase section */
		4CDB5F911D299CEB009F5556 /* Resources */ = {
			isa = PBXResourcesBuildPhase;
			buildActionMask = 2147483647;
			files = (
				4C1C01DD1D2CB103009ED1AF /* Localizable.strings in Resources */,
				4C1C01E11D2CB147009ED1AF /* Front.pdf in Resources */,
				4CDB5F991D299CEB009F5556 /* Assets.xcassets in Resources */,
				4CDB5FBE1D2B4F91009F5556 /* ProgressSheetWindow.xib in Resources */,
				4C1C01E01D2CB147009ED1AF /* Back.pdf in Resources */,
				4CDB5F9C1D299CEB009F5556 /* MainMenu.xib in Resources */,
				4CDB5FAB1D299D26009F5556 /* ScanCombinerWindow.xib in Resources */,
			);
			runOnlyForDeploymentPostprocessing = 0;
		};
/* End PBXResourcesBuildPhase section */

/* Begin PBXSourcesBuildPhase section */
		4C02D5B21D2C90750096DA2B /* Sources */ = {
			isa = PBXSourcesBuildPhase;
			buildActionMask = 2147483647;
			files = (
				4C02D5B91D2C90750096DA2B /* main.swift in Sources */,
				4C02D5BF1D2C91E50096DA2B /* CommandLineHelpers.swift in Sources */,
				4C1C01E41D2DE39D009ED1AF /* ConcurrentProgressReportingOperation.swift in Sources */,
				4C1C01E71D2DED12009ED1AF /* KeyValueObserver.swift in Sources */,
				4C02D5BD1D2C90820096DA2B /* CombineScansOperation.swift in Sources */,
				4C1C01D71D2C9D0C009ED1AF /* String+TildeExpansion.swift in Sources */,
			);
			runOnlyForDeploymentPostprocessing = 0;
		};
		4CDB5F8F1D299CEB009F5556 /* Sources */ = {
			isa = PBXSourcesBuildPhase;
			buildActionMask = 2147483647;
			files = (
				4CDB5FBC1D2B4F80009F5556 /* ProgressSheetController.swift in Sources */,
				4C1C01D61D2C9D0C009ED1AF /* String+TildeExpansion.swift in Sources */,
				4CA2CADD1D40453D0060646B /* URL+Pasteboard.swift in Sources */,
				4CDB5FA71D299D07009F5556 /* AppDelegate.swift in Sources */,
				4CDB5FB91D299D59009F5556 /* FileDropImageView.swift in Sources */,
				4CBC71151D2FD0DA000B55C3 /* FileDropImageAndPathFieldView.swift in Sources */,
				4CDB5FB81D299D59009F5556 /* CombineScansOperation.swift in Sources */,
				4C1C01E31D2DE39D009ED1AF /* ConcurrentProgressReportingOperation.swift in Sources */,
				4CDB5FB71D299D59009F5556 /* ScanCombinerWindowController.swift in Sources */,
				4C1C01E61D2DED12009ED1AF /* KeyValueObserver.swift in Sources */,
			);
			runOnlyForDeploymentPostprocessing = 0;
		};
/* End PBXSourcesBuildPhase section */

/* Begin PBXVariantGroup section */
		4CDB5F9A1D299CEB009F5556 /* MainMenu.xib */ = {
			isa = PBXVariantGroup;
			children = (
				4CDB5F9B1D299CEB009F5556 /* Base */,
			);
			name = MainMenu.xib;
			path = ..;
			sourceTree = "<group>";
		};
		4CDB5FAD1D299D26009F5556 /* ScanCombinerWindow.xib */ = {
			isa = PBXVariantGroup;
			children = (
				4CDB5FAC1D299D26009F5556 /* Base */,
			);
			name = ScanCombinerWindow.xib;
			path = ..;
			sourceTree = "<group>";
		};
		4CDB5FC01D2B4F91009F5556 /* ProgressSheetWindow.xib */ = {
			isa = PBXVariantGroup;
			children = (
				4CDB5FBF1D2B4F91009F5556 /* Base */,
			);
			name = ProgressSheetWindow.xib;
			path = ..;
			sourceTree = "<group>";
		};
/* End PBXVariantGroup section */

/* Begin XCBuildConfiguration section */
		4C02D5BA1D2C90750096DA2B /* Debug */ = {
			isa = XCBuildConfiguration;
			buildSettings = {
				PRODUCT_NAME = "$(TARGET_NAME)";
				SWIFT_VERSION = 3.0;
			};
			name = Debug;
		};
		4C02D5BB1D2C90750096DA2B /* Release */ = {
			isa = XCBuildConfiguration;
			buildSettings = {
				PRODUCT_NAME = "$(TARGET_NAME)";
				SWIFT_OPTIMIZATION_LEVEL = "-Owholemodule";
				SWIFT_VERSION = 3.0;
			};
			name = Release;
		};
		4CDB5F9E1D299CEB009F5556 /* Debug */ = {
			isa = XCBuildConfiguration;
			buildSettings = {
				ALWAYS_SEARCH_USER_PATHS = NO;
				CLANG_ANALYZER_NONNULL = YES;
				CLANG_CXX_LANGUAGE_STANDARD = "gnu++0x";
				CLANG_CXX_LIBRARY = "libc++";
				CLANG_ENABLE_MODULES = YES;
				CLANG_ENABLE_OBJC_ARC = YES;
				CLANG_WARN_BOOL_CONVERSION = YES;
				CLANG_WARN_CONSTANT_CONVERSION = YES;
				CLANG_WARN_DIRECT_OBJC_ISA_USAGE = YES_ERROR;
				CLANG_WARN_EMPTY_BODY = YES;
				CLANG_WARN_ENUM_CONVERSION = YES;
				CLANG_WARN_INT_CONVERSION = YES;
				CLANG_WARN_OBJC_ROOT_CLASS = YES_ERROR;
				CLANG_WARN_UNREACHABLE_CODE = YES;
				CLANG_WARN__DUPLICATE_METHOD_MATCH = YES;
				CODE_SIGN_IDENTITY = "-";
				COPY_PHASE_STRIP = NO;
				DEBUG_INFORMATION_FORMAT = dwarf;
				ENABLE_STRICT_OBJC_MSGSEND = YES;
				ENABLE_TESTABILITY = YES;
				GCC_C_LANGUAGE_STANDARD = gnu99;
				GCC_DYNAMIC_NO_PIC = NO;
				GCC_NO_COMMON_BLOCKS = YES;
				GCC_OPTIMIZATION_LEVEL = 0;
				GCC_PREPROCESSOR_DEFINITIONS = (
					"DEBUG=1",
					"$(inherited)",
				);
				GCC_WARN_64_TO_32_BIT_CONVERSION = YES;
				GCC_WARN_ABOUT_RETURN_TYPE = YES_ERROR;
				GCC_WARN_UNDECLARED_SELECTOR = YES;
				GCC_WARN_UNINITIALIZED_AUTOS = YES_AGGRESSIVE;
				GCC_WARN_UNUSED_FUNCTION = YES;
				GCC_WARN_UNUSED_VARIABLE = YES;
				MACOSX_DEPLOYMENT_TARGET = 10.11;
				MTL_ENABLE_DEBUG_INFO = YES;
				ONLY_ACTIVE_ARCH = YES;
				SDKROOT = macosx;
				SWIFT_OPTIMIZATION_LEVEL = "-Onone";
			};
			name = Debug;
		};
		4CDB5F9F1D299CEB009F5556 /* Release */ = {
			isa = XCBuildConfiguration;
			buildSettings = {
				ALWAYS_SEARCH_USER_PATHS = NO;
				CLANG_ANALYZER_NONNULL = YES;
				CLANG_CXX_LANGUAGE_STANDARD = "gnu++0x";
				CLANG_CXX_LIBRARY = "libc++";
				CLANG_ENABLE_MODULES = YES;
				CLANG_ENABLE_OBJC_ARC = YES;
				CLANG_WARN_BOOL_CONVERSION = YES;
				CLANG_WARN_CONSTANT_CONVERSION = YES;
				CLANG_WARN_DIRECT_OBJC_ISA_USAGE = YES_ERROR;
				CLANG_WARN_EMPTY_BODY = YES;
				CLANG_WARN_ENUM_CONVERSION = YES;
				CLANG_WARN_INT_CONVERSION = YES;
				CLANG_WARN_OBJC_ROOT_CLASS = YES_ERROR;
				CLANG_WARN_UNREACHABLE_CODE = YES;
				CLANG_WARN__DUPLICATE_METHOD_MATCH = YES;
				CODE_SIGN_IDENTITY = "-";
				COPY_PHASE_STRIP = NO;
				DEBUG_INFORMATION_FORMAT = "dwarf-with-dsym";
				ENABLE_NS_ASSERTIONS = NO;
				ENABLE_STRICT_OBJC_MSGSEND = YES;
				GCC_C_LANGUAGE_STANDARD = gnu99;
				GCC_NO_COMMON_BLOCKS = YES;
				GCC_WARN_64_TO_32_BIT_CONVERSION = YES;
				GCC_WARN_ABOUT_RETURN_TYPE = YES_ERROR;
				GCC_WARN_UNDECLARED_SELECTOR = YES;
				GCC_WARN_UNINITIALIZED_AUTOS = YES_AGGRESSIVE;
				GCC_WARN_UNUSED_FUNCTION = YES;
				GCC_WARN_UNUSED_VARIABLE = YES;
				MACOSX_DEPLOYMENT_TARGET = 10.11;
				MTL_ENABLE_DEBUG_INFO = NO;
				SDKROOT = macosx;
			};
			name = Release;
		};
		4CDB5FA11D299CEB009F5556 /* Debug */ = {
			isa = XCBuildConfiguration;
			buildSettings = {
				ASSETCATALOG_COMPILER_APPICON_NAME = AppIcon;
				COMBINE_HIDPI_IMAGES = YES;
				INFOPLIST_FILE = "$(SRCROOT)/Magazine Scan Combiner/Application/Info.plist";
				LD_RUNPATH_SEARCH_PATHS = "$(inherited) @executable_path/../Frameworks";
				PRODUCT_BUNDLE_IDENTIFIER = "com.quantumlenscap.Magazine-Scan-Combiner";
				PRODUCT_NAME = "$(TARGET_NAME)";
				SWIFT_VERSION = 3.0;
			};
			name = Debug;
		};
		4CDB5FA21D299CEB009F5556 /* Release */ = {
			isa = XCBuildConfiguration;
			buildSettings = {
				ASSETCATALOG_COMPILER_APPICON_NAME = AppIcon;
				COMBINE_HIDPI_IMAGES = YES;
				INFOPLIST_FILE = "$(SRCROOT)/Magazine Scan Combiner/Application/Info.plist";
				LD_RUNPATH_SEARCH_PATHS = "$(inherited) @executable_path/../Frameworks";
				PRODUCT_BUNDLE_IDENTIFIER = "com.quantumlenscap.Magazine-Scan-Combiner";
				PRODUCT_NAME = "$(TARGET_NAME)";
				SWIFT_OPTIMIZATION_LEVEL = "-Owholemodule";
				SWIFT_VERSION = 3.0;
			};
			name = Release;
		};
/* End XCBuildConfiguration section */

/* Begin XCConfigurationList section */
		4C02D5BC1D2C90750096DA2B /* Build configuration list for PBXNativeTarget "scancombine" */ = {
			isa = XCConfigurationList;
			buildConfigurations = (
				4C02D5BA1D2C90750096DA2B /* Debug */,
				4C02D5BB1D2C90750096DA2B /* Release */,
			);
			defaultConfigurationIsVisible = 0;
			defaultConfigurationName = Release;
		};
		4CDB5F8E1D299CEB009F5556 /* Build configuration list for PBXProject "Magazine Scan Combiner" */ = {
			isa = XCConfigurationList;
			buildConfigurations = (
				4CDB5F9E1D299CEB009F5556 /* Debug */,
				4CDB5F9F1D299CEB009F5556 /* Release */,
			);
			defaultConfigurationIsVisible = 0;
			defaultConfigurationName = Release;
		};
		4CDB5FA01D299CEB009F5556 /* Build configuration list for PBXNativeTarget "Magazine Scan Combiner" */ = {
			isa = XCConfigurationList;
			buildConfigurations = (
				4CDB5FA11D299CEB009F5556 /* Debug */,
				4CDB5FA21D299CEB009F5556 /* Release */,
			);
			defaultConfigurationIsVisible = 0;
			defaultConfigurationName = Release;
		};
/* End XCConfigurationList section */
	};
	rootObject = 4CDB5F8B1D299CEB009F5556 /* Project object */;
}
